// !$*UTF8*$!
{
	archiveVersion = 1;
	classes = {
	};
	objectVersion = 46;
	objects = {

/* Begin PBXBuildFile section */
		112C90771A7134AE00327007 /* main.m in Sources */ = {isa = PBXBuildFile; fileRef = 112C90761A7134AE00327007 /* main.m */; };
		112C907A1A7134AE00327007 /* AppDelegate.m in Sources */ = {isa = PBXBuildFile; fileRef = 112C90791A7134AE00327007 /* AppDelegate.m */; };
		112C907D1A7134AE00327007 /* World_Traveller.xcdatamodeld in Sources */ = {isa = PBXBuildFile; fileRef = 112C907B1A7134AE00327007 /* World_Traveller.xcdatamodeld */; };
		112C90801A7134AE00327007 /* ViewController.m in Sources */ = {isa = PBXBuildFile; fileRef = 112C907F1A7134AE00327007 /* ViewController.m */; };
		112C90831A7134AE00327007 /* Main.storyboard in Resources */ = {isa = PBXBuildFile; fileRef = 112C90811A7134AE00327007 /* Main.storyboard */; };
		112C90851A7134AE00327007 /* Images.xcassets in Resources */ = {isa = PBXBuildFile; fileRef = 112C90841A7134AE00327007 /* Images.xcassets */; };
		112C90881A7134AE00327007 /* LaunchScreen.xib in Resources */ = {isa = PBXBuildFile; fileRef = 112C90861A7134AE00327007 /* LaunchScreen.xib */; };
		112C90941A7134AE00327007 /* World_TravellerTests.m in Sources */ = {isa = PBXBuildFile; fileRef = 112C90931A7134AE00327007 /* World_TravellerTests.m */; };
/* End PBXBuildFile section */

/* Begin PBXContainerItemProxy section */
		112C908E1A7134AE00327007 /* PBXContainerItemProxy */ = {
			isa = PBXContainerItemProxy;
			containerPortal = 112C90691A7134AE00327007 /* Project object */;
			proxyType = 1;
			remoteGlobalIDString = 112C90701A7134AE00327007;
			remoteInfo = "World Traveller";
		};
/* End PBXContainerItemProxy section */

/* Begin PBXFileReference section */
		112C90711A7134AE00327007 /* World Traveller.app */ = {isa = PBXFileReference; explicitFileType = wrapper.application; includeInIndex = 0; path = "World Traveller.app"; sourceTree = BUILT_PRODUCTS_DIR; };
		112C90751A7134AE00327007 /* Info.plist */ = {isa = PBXFileReference; lastKnownFileType = text.plist.xml; path = Info.plist; sourceTree = "<group>"; };
		112C90761A7134AE00327007 /* main.m */ = {isa = PBXFileReference; lastKnownFileType = sourcecode.c.objc; path = main.m; sourceTree = "<group>"; };
		112C90781A7134AE00327007 /* AppDelegate.h */ = {isa = PBXFileReference; lastKnownFileType = sourcecode.c.h; path = AppDelegate.h; sourceTree = "<group>"; };
		112C90791A7134AE00327007 /* AppDelegate.m */ = {isa = PBXFileReference; lastKnownFileType = sourcecode.c.objc; path = AppDelegate.m; sourceTree = "<group>"; };
		112C907C1A7134AE00327007 /* World_Traveller.xcdatamodel */ = {isa = PBXFileReference; lastKnownFileType = wrapper.xcdatamodel; path = World_Traveller.xcdatamodel; sourceTree = "<group>"; };
		112C907E1A7134AE00327007 /* ViewController.h */ = {isa = PBXFileReference; lastKnownFileType = sourcecode.c.h; path = ViewController.h; sourceTree = "<group>"; };
		112C907F1A7134AE00327007 /* ViewController.m */ = {isa = PBXFileReference; lastKnownFileType = sourcecode.c.objc; path = ViewController.m; sourceTree = "<group>"; };
		112C90821A7134AE00327007 /* Base */ = {isa = PBXFileReference; lastKnownFileType = file.storyboard; name = Base; path = Base.lproj/Main.storyboard; sourceTree = "<group>"; };
		112C90841A7134AE00327007 /* Images.xcassets */ = {isa = PBXFileReference; lastKnownFileType = folder.assetcatalog; path = Images.xcassets; sourceTree = "<group>"; };
		112C90871A7134AE00327007 /* Base */ = {isa = PBXFileReference; lastKnownFileType = file.xib; name = Base; path = Base.lproj/LaunchScreen.xib; sourceTree = "<group>"; };
		112C908D1A7134AE00327007 /* World TravellerTests.xctest */ = {isa = PBXFileReference; explicitFileType = wrapper.cfbundle; includeInIndex = 0; path = "World TravellerTests.xctest"; sourceTree = BUILT_PRODUCTS_DIR; };
		112C90921A7134AE00327007 /* Info.plist */ = {isa = PBXFileReference; lastKnownFileType = text.plist.xml; path = Info.plist; sourceTree = "<group>"; };
		112C90931A7134AE00327007 /* World_TravellerTests.m */ = {isa = PBXFileReference; lastKnownFileType = sourcecode.c.objc; path = World_TravellerTests.m; sourceTree = "<group>"; };
/* End PBXFileReference section */

/* Begin PBXFrameworksBuildPhase section */
		112C906E1A7134AE00327007 /* Frameworks */ = {
			isa = PBXFrameworksBuildPhase;
			buildActionMask = 2147483647;
			files = (
			);
			runOnlyForDeploymentPostprocessing = 0;
		};
		112C908A1A7134AE00327007 /* Frameworks */ = {
			isa = PBXFrameworksBuildPhase;
			buildActionMask = 2147483647;
			files = (
			);
			runOnlyForDeploymentPostprocessing = 0;
		};
/* End PBXFrameworksBuildPhase section */

/* Begin PBXGroup section */
		112C90681A7134AE00327007 = {
			isa = PBXGroup;
			children = (
				112C90731A7134AE00327007 /* World Traveller */,
				112C90901A7134AE00327007 /* World TravellerTests */,
				112C90721A7134AE00327007 /* Products */,
			);
			sourceTree = "<group>";
		};
		112C90721A7134AE00327007 /* Products */ = {
			isa = PBXGroup;
			children = (
				112C90711A7134AE00327007 /* World Traveller.app */,
				112C908D1A7134AE00327007 /* World TravellerTests.xctest */,
			);
			name = Products;
			sourceTree = "<group>";
		};
		112C90731A7134AE00327007 /* World Traveller */ = {
			isa = PBXGroup;
			children = (
				112C90781A7134AE00327007 /* AppDelegate.h */,
				112C90791A7134AE00327007 /* AppDelegate.m */,
				112C907E1A7134AE00327007 /* ViewController.h */,
				112C907F1A7134AE00327007 /* ViewController.m */,
				112C90811A7134AE00327007 /* Main.storyboard */,
				112C90841A7134AE00327007 /* Images.xcassets */,
				112C90861A7134AE00327007 /* LaunchScreen.xib */,
				112C907B1A7134AE00327007 /* World_Traveller.xcdatamodeld */,
				112C90741A7134AE00327007 /* Supporting Files */,
			);
			path = "World Traveller";
			sourceTree = "<group>";
		};
		112C90741A7134AE00327007 /* Supporting Files */ = {
			isa = PBXGroup;
			children = (
				112C90751A7134AE00327007 /* Info.plist */,
				112C90761A7134AE00327007 /* main.m */,
			);
			name = "Supporting Files";
			sourceTree = "<group>";
		};
		112C90901A7134AE00327007 /* World TravellerTests */ = {
			isa = PBXGroup;
			children = (
				112C90931A7134AE00327007 /* World_TravellerTests.m */,
				112C90911A7134AE00327007 /* Supporting Files */,
			);
			path = "World TravellerTests";
			sourceTree = "<group>";
		};
		112C90911A7134AE00327007 /* Supporting Files */ = {
			isa = PBXGroup;
			children = (
				112C90921A7134AE00327007 /* Info.plist */,
			);
			name = "Supporting Files";
			sourceTree = "<group>";
		};
/* End PBXGroup section */

/* Begin PBXNativeTarget section */
		112C90701A7134AE00327007 /* World Traveller */ = {
			isa = PBXNativeTarget;
			buildConfigurationList = 112C90971A7134AE00327007 /* Build configuration list for PBXNativeTarget "World Traveller" */;
			buildPhases = (
				112C906D1A7134AE00327007 /* Sources */,
				112C906E1A7134AE00327007 /* Frameworks */,
				112C906F1A7134AE00327007 /* Resources */,
			);
			buildRules = (
			);
			dependencies = (
			);
			name = "World Traveller";
			productName = "World Traveller";
			productReference = 112C90711A7134AE00327007 /* World Traveller.app */;
			productType = "com.apple.product-type.application";
		};
		112C908C1A7134AE00327007 /* World TravellerTests */ = {
			isa = PBXNativeTarget;
			buildConfigurationList = 112C909A1A7134AE00327007 /* Build configuration list for PBXNativeTarget "World TravellerTests" */;
			buildPhases = (
				112C90891A7134AE00327007 /* Sources */,
				112C908A1A7134AE00327007 /* Frameworks */,
				112C908B1A7134AE00327007 /* Resources */,
			);
			buildRules = (
			);
			dependencies = (
				112C908F1A7134AE00327007 /* PBXTargetDependency */,
			);
			name = "World TravellerTests";
			productName = "World TravellerTests";
			productReference = 112C908D1A7134AE00327007 /* World TravellerTests.xctest */;
			productType = "com.apple.product-type.bundle.unit-test";
		};
/* End PBXNativeTarget section */

/* Begin PBXProject section */
		112C90691A7134AE00327007 /* Project object */ = {
			isa = PBXProject;
			attributes = {
				LastUpgradeCheck = 0610;
				ORGANIZATIONNAME = 1st1k;
				TargetAttributes = {
					112C90701A7134AE00327007 = {
						CreatedOnToolsVersion = 6.1.1;
					};
					112C908C1A7134AE00327007 = {
						CreatedOnToolsVersion = 6.1.1;
						TestTargetID = 112C90701A7134AE00327007;
					};
				};
			};
			buildConfigurationList = 112C906C1A7134AE00327007 /* Build configuration list for PBXProject "World Traveller" */;
			compatibilityVersion = "Xcode 3.2";
			developmentRegion = English;
			hasScannedForEncodings = 0;
			knownRegions = (
				en,
				Base,
			);
			mainGroup = 112C90681A7134AE00327007;
			productRefGroup = 112C90721A7134AE00327007 /* Products */;
			projectDirPath = "";
			projectRoot = "";
			targets = (
				112C90701A7134AE00327007 /* World Traveller */,
				112C908C1A7134AE00327007 /* World TravellerTests */,
			);
		};
/* End PBXProject section */

/* Begin PBXResourcesBuildPhase section */
		112C906F1A7134AE00327007 /* Resources */ = {
			isa = PBXResourcesBuildPhase;
			buildActionMask = 2147483647;
			files = (
				112C90831A7134AE00327007 /* Main.storyboard in Resources */,
				112C90881A7134AE00327007 /* LaunchScreen.xib in Resources */,
				112C90851A7134AE00327007 /* Images.xcassets in Resources */,
			);
			runOnlyForDeploymentPostprocessing = 0;
		};
		112C908B1A7134AE00327007 /* Resources */ = {
			isa = PBXResourcesBuildPhase;
			buildActionMask = 2147483647;
			files = (
			);
			runOnlyForDeploymentPostprocessing = 0;
		};
/* End PBXResourcesBuildPhase section */

/* Begin PBXSourcesBuildPhase section */
		112C906D1A7134AE00327007 /* Sources */ = {
			isa = PBXSourcesBuildPhase;
			buildActionMask = 2147483647;
			files = (
				112C907A1A7134AE00327007 /* AppDelegate.m in Sources */,
				112C90771A7134AE00327007 /* main.m in Sources */,
				112C90801A7134AE00327007 /* ViewController.m in Sources */,
				112C907D1A7134AE00327007 /* World_Traveller.xcdatamodeld in Sources */,
			);
			runOnlyForDeploymentPostprocessing = 0;
		};
		112C90891A7134AE00327007 /* Sources */ = {
			isa = PBXSourcesBuildPhase;
			buildActionMask = 2147483647;
			files = (
				112C90941A7134AE00327007 /* World_TravellerTests.m in Sources */,
			);
			runOnlyForDeploymentPostprocessing = 0;
		};
/* End PBXSourcesBuildPhase section */

/* Begin PBXTargetDependency section */
		112C908F1A7134AE00327007 /* PBXTargetDependency */ = {
			isa = PBXTargetDependency;
			target = 112C90701A7134AE00327007 /* World Traveller */;
			targetProxy = 112C908E1A7134AE00327007 /* PBXContainerItemProxy */;
		};
/* End PBXTargetDependency section */

/* Begin PBXVariantGroup section */
		112C90811A7134AE00327007 /* Main.storyboard */ = {
			isa = PBXVariantGroup;
			children = (
				112C90821A7134AE00327007 /* Base */,
			);
			name = Main.storyboard;
			sourceTree = "<group>";
		};
		112C90861A7134AE00327007 /* LaunchScreen.xib */ = {
			isa = PBXVariantGroup;
			children = (
				112C90871A7134AE00327007 /* Base */,
			);
			name = LaunchScreen.xib;
			sourceTree = "<group>";
		};
/* End PBXVariantGroup section */

/* Begin XCBuildConfiguration section */
		112C90951A7134AE00327007 /* Debug */ = {
			isa = XCBuildConfiguration;
			buildSettings = {
				ALWAYS_SEARCH_USER_PATHS = NO;
				CLANG_CXX_LANGUAGE_STANDARD = "gnu++0x";
				CLANG_CXX_LIBRARY = "libc++";
				CLANG_ENABLE_MODULES = YES;
				CLANG_ENABLE_OBJC_ARC = YES;
				CLANG_WARN_BOOL_CONVERSION = YES;
				CLANG_WARN_CONSTANT_CONVERSION = YES;
				CLANG_WARN_DIRECT_OBJC_ISA_USAGE = YES_ERROR;
				CLANG_WARN_EMPTY_BODY = YES;
				CLANG_WARN_ENUM_CONVERSION = YES;
				CLANG_WARN_INT_CONVERSION = YES;
				CLANG_WARN_OBJC_ROOT_CLASS = YES_ERROR;
				CLANG_WARN_UNREACHABLE_CODE = YES;
				CLANG_WARN__DUPLICATE_METHOD_MATCH = YES;
				"CODE_SIGN_IDENTITY[sdk=iphoneos*]" = "iPhone Developer";
				COPY_PHASE_STRIP = NO;
				ENABLE_STRICT_OBJC_MSGSEND = YES;
				GCC_C_LANGUAGE_STANDARD = gnu99;
				GCC_DYNAMIC_NO_PIC = NO;
				GCC_OPTIMIZATION_LEVEL = 0;
				GCC_PREPROCESSOR_DEFINITIONS = (
					"DEBUG=1",
					"$(inherited)",
				);
				GCC_SYMBOLS_PRIVATE_EXTERN = NO;
				GCC_WARN_64_TO_32_BIT_CONVERSION = YES;
				GCC_WARN_ABOUT_RETURN_TYPE = YES_ERROR;
				GCC_WARN_UNDECLARED_SELECTOR = YES;
				GCC_WARN_UNINITIALIZED_AUTOS = YES_AGGRESSIVE;
				GCC_WARN_UNUSED_FUNCTION = YES;
				GCC_WARN_UNUSED_VARIABLE = YES;
				IPHONEOS_DEPLOYMENT_TARGET = 8.1;
				MTL_ENABLE_DEBUG_INFO = YES;
				ONLY_ACTIVE_ARCH = YES;
				SDKROOT = iphoneos;
				TARGETED_DEVICE_FAMILY = "1,2";
			};
			name = Debug;
		};
		112C90961A7134AE00327007 /* Release */ = {
			isa = XCBuildConfiguration;
			buildSettings = {
				ALWAYS_SEARCH_USER_PATHS = NO;
				CLANG_CXX_LANGUAGE_STANDARD = "gnu++0x";
				CLANG_CXX_LIBRARY = "libc++";
				CLANG_ENABLE_MODULES = YES;
				CLANG_ENABLE_OBJC_ARC = YES;
				CLANG_WARN_BOOL_CONVERSION = YES;
				CLANG_WARN_CONSTANT_CONVERSION = YES;
				CLANG_WARN_DIRECT_OBJC_ISA_USAGE = YES_ERROR;
				CLANG_WARN_EMPTY_BODY = YES;
				CLANG_WARN_ENUM_CONVERSION = YES;
				CLANG_WARN_INT_CONVERSION = YES;
				CLANG_WARN_OBJC_ROOT_CLASS = YES_ERROR;
				CLANG_WARN_UNREACHABLE_CODE = YES;
				CLANG_WARN__DUPLICATE_METHOD_MATCH = YES;
				"CODE_SIGN_IDENTITY[sdk=iphoneos*]" = "iPhone Developer";
				COPY_PHASE_STRIP = YES;
				ENABLE_NS_ASSERTIONS = NO;
				ENABLE_STRICT_OBJC_MSGSEND = YES;
				GCC_C_LANGUAGE_STANDARD = gnu99;
				GCC_WARN_64_TO_32_BIT_CONVERSION = YES;
				GCC_WARN_ABOUT_RETURN_TYPE = YES_ERROR;
				GCC_WARN_UNDECLARED_SELECTOR = YES;
				GCC_WARN_UNINITIALIZED_AUTOS = YES_AGGRESSIVE;
				GCC_WARN_UNUSED_FUNCTION = YES;
				GCC_WARN_UNUSED_VARIABLE = YES;
				IPHONEOS_DEPLOYMENT_TARGET = 8.1;
				MTL_ENABLE_DEBUG_INFO = NO;
				SDKROOT = iphoneos;
				TARGETED_DEVICE_FAMILY = "1,2";
				VALIDATE_PRODUCT = YES;
			};
			name = Release;
		};
		112C90981A7134AE00327007 /* Debug */ = {
			isa = XCBuildConfiguration;
			buildSettings = {
				ASSETCATALOG_COMPILER_APPICON_NAME = AppIcon;
				INFOPLIST_FILE = "World Traveller/Info.plist";
				LD_RUNPATH_SEARCH_PATHS = "$(inherited) @executable_path/Frameworks";
				PRODUCT_NAME = "$(TARGET_NAME)";
			};
			name = Debug;
		};
		112C90991A7134AE00327007 /* Release */ = {
			isa = XCBuildConfiguration;
			buildSettings = {
				ASSETCATALOG_COMPILER_APPICON_NAME = AppIcon;
				INFOPLIST_FILE = "World Traveller/Info.plist";
				LD_RUNPATH_SEARCH_PATHS = "$(inherited) @executable_path/Frameworks";
				PRODUCT_NAME = "$(TARGET_NAME)";
			};
			name = Release;
		};
		112C909B1A7134AE00327007 /* Debug */ = {
			isa = XCBuildConfiguration;
			buildSettings = {
				BUNDLE_LOADER = "$(TEST_HOST)";
				FRAMEWORK_SEARCH_PATHS = (
					"$(SDKROOT)/Developer/Library/Frameworks",
					"$(inherited)",
				);
				GCC_PREPROCESSOR_DEFINITIONS = (
					"DEBUG=1",
					"$(inherited)",
				);
				INFOPLIST_FILE = "World TravellerTests/Info.plist";
				LD_RUNPATH_SEARCH_PATHS = "$(inherited) @executable_path/Frameworks @loader_path/Frameworks";
				PRODUCT_NAME = "$(TARGET_NAME)";
				TEST_HOST = "$(BUILT_PRODUCTS_DIR)/World Traveller.app/World Traveller";
			};
			name = Debug;
		};
		112C909C1A7134AE00327007 /* Release */ = {
			isa = XCBuildConfiguration;
			buildSettings = {
				BUNDLE_LOADER = "$(TEST_HOST)";
				FRAMEWORK_SEARCH_PATHS = (
					"$(SDKROOT)/Developer/Library/Frameworks",
					"$(inherited)",
				);
				INFOPLIST_FILE = "World TravellerTests/Info.plist";
				LD_RUNPATH_SEARCH_PATHS = "$(inherited) @executable_path/Frameworks @loader_path/Frameworks";
				PRODUCT_NAME = "$(TARGET_NAME)";
				TEST_HOST = "$(BUILT_PRODUCTS_DIR)/World Traveller.app/World Traveller";
			};
			name = Release;
		};
/* End XCBuildConfiguration section */

/* Begin XCConfigurationList section */
		112C906C1A7134AE00327007 /* Build configuration list for PBXProject "World Traveller" */ = {
			isa = XCConfigurationList;
			buildConfigurations = (
				112C90951A7134AE00327007 /* Debug */,
				112C90961A7134AE00327007 /* Release */,
			);
			defaultConfigurationIsVisible = 0;
			defaultConfigurationName = Release;
		};
		112C90971A7134AE00327007 /* Build configuration list for PBXNativeTarget "World Traveller" */ = {
			isa = XCConfigurationList;
			buildConfigurations = (
				112C90981A7134AE00327007 /* Debug */,
				112C90991A7134AE00327007 /* Release */,
			);
			defaultConfigurationIsVisible = 0;
		};
		112C909A1A7134AE00327007 /* Build configuration list for PBXNativeTarget "World TravellerTests" */ = {
			isa = XCConfigurationList;
			buildConfigurations = (
				112C909B1A7134AE00327007 /* Debug */,
				112C909C1A7134AE00327007 /* Release */,
			);
			defaultConfigurationIsVisible = 0;
		};
/* End XCConfigurationList section */

/* Begin XCVersionGroup section */
		112C907B1A7134AE00327007 /* World_Traveller.xcdatamodeld */ = {
			isa = XCVersionGroup;
			children = (
				112C907C1A7134AE00327007 /* World_Traveller.xcdatamodel */,
			);
			currentVersion = 112C907C1A7134AE00327007 /* World_Traveller.xcdatamodel */;
			path = World_Traveller.xcdatamodeld;
			sourceTree = "<group>";
			versionGroupType = wrapper.xcdatamodel;
		};
/* End XCVersionGroup section */
	};
	rootObject = 112C90691A7134AE00327007 /* Project object */;
}
